// !$*UTF8*$!
{
	archiveVersion = 1;
	classes = {
	};
	objectVersion = 48;
	objects = {

/* Begin PBXBuildFile section */
		19716B022060CF2A00C20B5C /* AppDelegate.swift in Sources */ = {isa = PBXBuildFile; fileRef = 19716B012060CF2A00C20B5C /* AppDelegate.swift */; };
		19716B042060CF2A00C20B5C /* ViewController.swift in Sources */ = {isa = PBXBuildFile; fileRef = 19716B032060CF2A00C20B5C /* ViewController.swift */; };
		19716B072060CF2A00C20B5C /* Main.storyboard in Resources */ = {isa = PBXBuildFile; fileRef = 19716B052060CF2A00C20B5C /* Main.storyboard */; };
		19716B092060CF2A00C20B5C /* Assets.xcassets in Resources */ = {isa = PBXBuildFile; fileRef = 19716B082060CF2A00C20B5C /* Assets.xcassets */; };
		19716B0C2060CF2A00C20B5C /* LaunchScreen.storyboard in Resources */ = {isa = PBXBuildFile; fileRef = 19716B0A2060CF2A00C20B5C /* LaunchScreen.storyboard */; };
		19716B142060DDFF00C20B5C /* HomeViewController.swift in Sources */ = {isa = PBXBuildFile; fileRef = 19716B132060DDFF00C20B5C /* HomeViewController.swift */; };
		19716B162060DE0600C20B5C /* FindViewController.swift in Sources */ = {isa = PBXBuildFile; fileRef = 19716B152060DE0600C20B5C /* FindViewController.swift */; };
		19716B182060DE0C00C20B5C /* MeViewController.swift in Sources */ = {isa = PBXBuildFile; fileRef = 19716B172060DE0C00C20B5C /* MeViewController.swift */; };
/* End PBXBuildFile section */

/* Begin PBXFileReference section */
		19716AFE2060CF2A00C20B5C /* IOS10Demo.app */ = {isa = PBXFileReference; explicitFileType = wrapper.application; includeInIndex = 0; path = IOS10Demo.app; sourceTree = BUILT_PRODUCTS_DIR; };
		19716B012060CF2A00C20B5C /* AppDelegate.swift */ = {isa = PBXFileReference; lastKnownFileType = sourcecode.swift; path = AppDelegate.swift; sourceTree = "<group>"; };
		19716B032060CF2A00C20B5C /* ViewController.swift */ = {isa = PBXFileReference; lastKnownFileType = sourcecode.swift; path = ViewController.swift; sourceTree = "<group>"; };
		19716B062060CF2A00C20B5C /* Base */ = {isa = PBXFileReference; lastKnownFileType = file.storyboard; name = Base; path = Base.lproj/Main.storyboard; sourceTree = "<group>"; };
		19716B082060CF2A00C20B5C /* Assets.xcassets */ = {isa = PBXFileReference; lastKnownFileType = folder.assetcatalog; path = Assets.xcassets; sourceTree = "<group>"; };
		19716B0B2060CF2A00C20B5C /* Base */ = {isa = PBXFileReference; lastKnownFileType = file.storyboard; name = Base; path = Base.lproj/LaunchScreen.storyboard; sourceTree = "<group>"; };
		19716B0D2060CF2A00C20B5C /* Info.plist */ = {isa = PBXFileReference; lastKnownFileType = text.plist.xml; path = Info.plist; sourceTree = "<group>"; };
		19716B132060DDFF00C20B5C /* HomeViewController.swift */ = {isa = PBXFileReference; lastKnownFileType = sourcecode.swift; path = HomeViewController.swift; sourceTree = "<group>"; };
		19716B152060DE0600C20B5C /* FindViewController.swift */ = {isa = PBXFileReference; lastKnownFileType = sourcecode.swift; path = FindViewController.swift; sourceTree = "<group>"; };
		19716B172060DE0C00C20B5C /* MeViewController.swift */ = {isa = PBXFileReference; lastKnownFileType = sourcecode.swift; path = MeViewController.swift; sourceTree = "<group>"; };
/* End PBXFileReference section */

/* Begin PBXFrameworksBuildPhase section */
		19716AFB2060CF2A00C20B5C /* Frameworks */ = {
			isa = PBXFrameworksBuildPhase;
			buildActionMask = 2147483647;
			files = (
			);
			runOnlyForDeploymentPostprocessing = 0;
		};
/* End PBXFrameworksBuildPhase section */

/* Begin PBXGroup section */
		19716AF52060CF2900C20B5C = {
			isa = PBXGroup;
			children = (
				19716B002060CF2A00C20B5C /* IOS10Demo */,
				19716AFF2060CF2A00C20B5C /* Products */,
			);
			sourceTree = "<group>";
		};
		19716AFF2060CF2A00C20B5C /* Products */ = {
			isa = PBXGroup;
			children = (
				19716AFE2060CF2A00C20B5C /* IOS10Demo.app */,
			);
			name = Products;
			sourceTree = "<group>";
		};
		19716B002060CF2A00C20B5C /* IOS10Demo */ = {
			isa = PBXGroup;
			children = (
				19716B012060CF2A00C20B5C /* AppDelegate.swift */,
				19716B132060DDFF00C20B5C /* HomeViewController.swift */,
				19716B152060DE0600C20B5C /* FindViewController.swift */,
				19716B172060DE0C00C20B5C /* MeViewController.swift */,
				19716B032060CF2A00C20B5C /* ViewController.swift */,
				19716B052060CF2A00C20B5C /* Main.storyboard */,
				19716B082060CF2A00C20B5C /* Assets.xcassets */,
				19716B0A2060CF2A00C20B5C /* LaunchScreen.storyboard */,
				19716B0D2060CF2A00C20B5C /* Info.plist */,
			);
			path = IOS10Demo;
			sourceTree = "<group>";
		};
/* End PBXGroup section */

/* Begin PBXNativeTarget section */
		19716AFD2060CF2A00C20B5C /* IOS10Demo */ = {
			isa = PBXNativeTarget;
			buildConfigurationList = 19716B102060CF2B00C20B5C /* Build configuration list for PBXNativeTarget "IOS10Demo" */;
			buildPhases = (
				19716AFA2060CF2A00C20B5C /* Sources */,
				19716AFB2060CF2A00C20B5C /* Frameworks */,
				19716AFC2060CF2A00C20B5C /* Resources */,
			);
			buildRules = (
			);
			dependencies = (
			);
			name = IOS10Demo;
			productName = IOS10Demo;
			productReference = 19716AFE2060CF2A00C20B5C /* IOS10Demo.app */;
			productType = "com.apple.product-type.application";
		};
/* End PBXNativeTarget section */

/* Begin PBXProject section */
		19716AF62060CF2900C20B5C /* Project object */ = {
			isa = PBXProject;
			attributes = {
				LastSwiftUpdateCheck = 0920;
				LastUpgradeCheck = 0920;
				ORGANIZATIONNAME = syc;
				TargetAttributes = {
					19716AFD2060CF2A00C20B5C = {
						CreatedOnToolsVersion = 9.2;
						ProvisioningStyle = Automatic;
					};
				};
			};
			buildConfigurationList = 19716AF92060CF2900C20B5C /* Build configuration list for PBXProject "IOS10Demo" */;
			compatibilityVersion = "Xcode 8.0";
			developmentRegion = en;
			hasScannedForEncodings = 0;
			knownRegions = (
				en,
				Base,
			);
			mainGroup = 19716AF52060CF2900C20B5C;
			productRefGroup = 19716AFF2060CF2A00C20B5C /* Products */;
			projectDirPath = "";
			projectRoot = "";
			targets = (
				19716AFD2060CF2A00C20B5C /* IOS10Demo */,
			);
		};
/* End PBXProject section */

/* Begin PBXResourcesBuildPhase section */
		19716AFC2060CF2A00C20B5C /* Resources */ = {
			isa = PBXResourcesBuildPhase;
			buildActionMask = 2147483647;
			files = (
				19716B0C2060CF2A00C20B5C /* LaunchScreen.storyboard in Resources */,
				19716B092060CF2A00C20B5C /* Assets.xcassets in Resources */,
				19716B072060CF2A00C20B5C /* Main.storyboard in Resources */,
			);
			runOnlyForDeploymentPostprocessing = 0;
		};
/* End PBXResourcesBuildPhase section */

/* Begin PBXSourcesBuildPhase section */
		19716AFA2060CF2A00C20B5C /* Sources */ = {
			isa = PBXSourcesBuildPhase;
			buildActionMask = 2147483647;
			files = (
				19716B182060DE0C00C20B5C /* MeViewController.swift in Sources */,
				19716B042060CF2A00C20B5C /* ViewController.swift in Sources */,
				19716B022060CF2A00C20B5C /* AppDelegate.swift in Sources */,
				19716B142060DDFF00C20B5C /* HomeViewController.swift in Sources */,
				19716B162060DE0600C20B5C /* FindViewController.swift in Sources */,
			);
			runOnlyForDeploymentPostprocessing = 0;
		};
/* End PBXSourcesBuildPhase section */

/* Begin PBXVariantGroup section */
		19716B052060CF2A00C20B5C /* Main.storyboard */ = {
			isa = PBXVariantGroup;
			children = (
				19716B062060CF2A00C20B5C /* Base */,
			);
			name = Main.storyboard;
			sourceTree = "<group>";
		};
		19716B0A2060CF2A00C20B5C /* LaunchScreen.storyboard */ = {
			isa = PBXVariantGroup;
			children = (
				19716B0B2060CF2A00C20B5C /* Base */,
			);
			name = LaunchScreen.storyboard;
			sourceTree = "<group>";
		};
/* End PBXVariantGroup section */

/* Begin XCBuildConfiguration section */
		19716B0E2060CF2A00C20B5C /* Debug */ = {
			isa = XCBuildConfiguration;
			buildSettings = {
				ALWAYS_SEARCH_USER_PATHS = NO;
				CLANG_ANALYZER_NONNULL = YES;
				CLANG_ANALYZER_NUMBER_OBJECT_CONVERSION = YES_AGGRESSIVE;
				CLANG_CXX_LANGUAGE_STANDARD = "gnu++14";
				CLANG_CXX_LIBRARY = "libc++";
				CLANG_ENABLE_MODULES = YES;
				CLANG_ENABLE_OBJC_ARC = YES;
				CLANG_WARN_BLOCK_CAPTURE_AUTORELEASING = YES;
				CLANG_WARN_BOOL_CONVERSION = YES;
				CLANG_WARN_COMMA = YES;
				CLANG_WARN_CONSTANT_CONVERSION = YES;
				CLANG_WARN_DIRECT_OBJC_ISA_USAGE = YES_ERROR;
				CLANG_WARN_DOCUMENTATION_COMMENTS = YES;
				CLANG_WARN_EMPTY_BODY = YES;
				CLANG_WARN_ENUM_CONVERSION = YES;
				CLANG_WARN_INFINITE_RECURSION = YES;
				CLANG_WARN_INT_CONVERSION = YES;
				CLANG_WARN_NON_LITERAL_NULL_CONVERSION = YES;
				CLANG_WARN_OBJC_LITERAL_CONVERSION = YES;
				CLANG_WARN_OBJC_ROOT_CLASS = YES_ERROR;
				CLANG_WARN_RANGE_LOOP_ANALYSIS = YES;
				CLANG_WARN_STRICT_PROTOTYPES = YES;
				CLANG_WARN_SUSPICIOUS_MOVE = YES;
				CLANG_WARN_UNGUARDED_AVAILABILITY = YES_AGGRESSIVE;
				CLANG_WARN_UNREACHABLE_CODE = YES;
				CLANG_WARN__DUPLICATE_METHOD_MATCH = YES;
				CODE_SIGN_IDENTITY = "iPhone Developer";
				COPY_PHASE_STRIP = NO;
				DEBUG_INFORMATION_FORMAT = dwarf;
				ENABLE_STRICT_OBJC_MSGSEND = YES;
				ENABLE_TESTABILITY = YES;
				GCC_C_LANGUAGE_STANDARD = gnu11;
				GCC_DYNAMIC_NO_PIC = NO;
				GCC_NO_COMMON_BLOCKS = YES;
				GCC_OPTIMIZATION_LEVEL = 0;
				GCC_PREPROCESSOR_DEFINITIONS = (
					"DEBUG=1",
					"$(inherited)",
				);
				GCC_WARN_64_TO_32_BIT_CONVERSION = YES;
				GCC_WARN_ABOUT_RETURN_TYPE = YES_ERROR;
				GCC_WARN_UNDECLARED_SELECTOR = YES;
				GCC_WARN_UNINITIALIZED_AUTOS = YES_AGGRESSIVE;
				GCC_WARN_UNUSED_FUNCTION = YES;
				GCC_WARN_UNUSED_VARIABLE = YES;
				IPHONEOS_DEPLOYMENT_TARGET = 10.0;
				MTL_ENABLE_DEBUG_INFO = YES;
				ONLY_ACTIVE_ARCH = YES;
				SDKROOT = iphoneos;
				SWIFT_ACTIVE_COMPILATION_CONDITIONS = DEBUG;
				SWIFT_OPTIMIZATION_LEVEL = "-Onone";
			};
			name = Debug;
		};
		19716B0F2060CF2A00C20B5C /* Release */ = {
			isa = XCBuildConfiguration;
			buildSettings = {
				ALWAYS_SEARCH_USER_PATHS = NO;
				CLANG_ANALYZER_NONNULL = YES;
				CLANG_ANALYZER_NUMBER_OBJECT_CONVERSION = YES_AGGRESSIVE;
				CLANG_CXX_LANGUAGE_STANDARD = "gnu++14";
				CLANG_CXX_LIBRARY = "libc++";
				CLANG_ENABLE_MODULES = YES;
				CLANG_ENABLE_OBJC_ARC = YES;
				CLANG_WARN_BLOCK_CAPTURE_AUTORELEASING = YES;
				CLANG_WARN_BOOL_CONVERSION = YES;
				CLANG_WARN_COMMA = YES;
				CLANG_WARN_CONSTANT_CONVERSION = YES;
				CLANG_WARN_DIRECT_OBJC_ISA_USAGE = YES_ERROR;
				CLANG_WARN_DOCUMENTATION_COMMENTS = YES;
				CLANG_WARN_EMPTY_BODY = YES;
				CLANG_WARN_ENUM_CONVERSION = YES;
				CLANG_WARN_INFINITE_RECURSION = YES;
				CLANG_WARN_INT_CONVERSION = YES;
				CLANG_WARN_NON_LITERAL_NULL_CONVERSION = YES;
				CLANG_WARN_OBJC_LITERAL_CONVERSION = YES;
				CLANG_WARN_OBJC_ROOT_CLASS = YES_ERROR;
				CLANG_WARN_RANGE_LOOP_ANALYSIS = YES;
				CLANG_WARN_STRICT_PROTOTYPES = YES;
				CLANG_WARN_SUSPICIOUS_MOVE = YES;
				CLANG_WARN_UNGUARDED_AVAILABILITY = YES_AGGRESSIVE;
				CLANG_WARN_UNREACHABLE_CODE = YES;
				CLANG_WARN__DUPLICATE_METHOD_MATCH = YES;
				CODE_SIGN_IDENTITY = "iPhone Developer";
				COPY_PHASE_STRIP = NO;
				DEBUG_INFORMATION_FORMAT = "dwarf-with-dsym";
				ENABLE_NS_ASSERTIONS = NO;
				ENABLE_STRICT_OBJC_MSGSEND = YES;
				GCC_C_LANGUAGE_STANDARD = gnu11;
				GCC_NO_COMMON_BLOCKS = YES;
				GCC_WARN_64_TO_32_BIT_CONVERSION = YES;
				GCC_WARN_ABOUT_RETURN_TYPE = YES_ERROR;
				GCC_WARN_UNDECLARED_SELECTOR = YES;
				GCC_WARN_UNINITIALIZED_AUTOS = YES_AGGRESSIVE;
				GCC_WARN_UNUSED_FUNCTION = YES;
				GCC_WARN_UNUSED_VARIABLE = YES;
				IPHONEOS_DEPLOYMENT_TARGET = 10.0;
				MTL_ENABLE_DEBUG_INFO = NO;
				SDKROOT = iphoneos;
				SWIFT_OPTIMIZATION_LEVEL = "-Owholemodule";
				VALIDATE_PRODUCT = YES;
			};
			name = Release;
		};
		19716B112060CF2B00C20B5C /* Debug */ = {
			isa = XCBuildConfiguration;
			buildSettings = {
				ASSETCATALOG_COMPILER_APPICON_NAME = AppIcon;
				CODE_SIGN_STYLE = Automatic;
				DEVELOPMENT_TEAM = XQP5327YF6;
				INFOPLIST_FILE = IOS10Demo/Info.plist;
				IPHONEOS_DEPLOYMENT_TARGET = 10.0;
				LD_RUNPATH_SEARCH_PATHS = "$(inherited) @executable_path/Frameworks";
				PRODUCT_BUNDLE_IDENTIFIER = cn.syc.IOS10Demo;
				PRODUCT_NAME = "$(TARGET_NAME)";
				SWIFT_VERSION = 4.0;
				TARGETED_DEVICE_FAMILY = "1,2";
			};
			name = Debug;
		};
		19716B122060CF2B00C20B5C /* Release */ = {
			isa = XCBuildConfiguration;
			buildSettings = {
				ASSETCATALOG_COMPILER_APPICON_NAME = AppIcon;
				CODE_SIGN_STYLE = Automatic;
				DEVELOPMENT_TEAM = XQP5327YF6;
				INFOPLIST_FILE = IOS10Demo/Info.plist;
				IPHONEOS_DEPLOYMENT_TARGET = 10.0;
				LD_RUNPATH_SEARCH_PATHS = "$(inherited) @executable_path/Frameworks";
				PRODUCT_BUNDLE_IDENTIFIER = cn.syc.IOS10Demo;
				PRODUCT_NAME = "$(TARGET_NAME)";
				SWIFT_VERSION = 4.0;
				TARGETED_DEVICE_FAMILY = "1,2";
			};
			name = Release;
		};
/* End XCBuildConfiguration section */

/* Begin XCConfigurationList section */
		19716AF92060CF2900C20B5C /* Build configuration list for PBXProject "IOS10Demo" */ = {
			isa = XCConfigurationList;
			buildConfigurations = (
				19716B0E2060CF2A00C20B5C /* Debug */,
				19716B0F2060CF2A00C20B5C /* Release */,
			);
			defaultConfigurationIsVisible = 0;
			defaultConfigurationName = Release;
		};
		19716B102060CF2B00C20B5C /* Build configuration list for PBXNativeTarget "IOS10Demo" */ = {
			isa = XCConfigurationList;
			buildConfigurations = (
				19716B112060CF2B00C20B5C /* Debug */,
				19716B122060CF2B00C20B5C /* Release */,
			);
			defaultConfigurationIsVisible = 0;
			defaultConfigurationName = Release;
		};
/* End XCConfigurationList section */
	};
	rootObject = 19716AF62060CF2900C20B5C /* Project object */;
}
